version = 1
revision = 3
requires-python = "==3.11.*"
resolution-markers = [
    "sys_platform == 'win32'",
    "sys_platform == 'emscripten'",
    "sys_platform != 'emscripten' and sys_platform != 'win32'",
]

[[package]]
name = "akracer"
version = "0.0.14"
source = { registry = "https://bytedpypi.byted.org/simple" }
sdist = { url = "https://bytedpypi.byted.org/packages/akracer/akracer-0.0.14.tar.gz", hash = "sha256:e084c14bf6d9a02d5da375e3af1cba3d46f103aa1cf3a2010593b3e95bf1c29a" }
wheels = [
    { url = "https://bytedpypi.byted.org/packages/akracer/akracer-0.0.14-py3-none-any.whl", hash = "sha256:629eaccd0e1d18366804b797eb2692ed47bed0028f55b5a5af3cc277d521df04" },
]

[[package]]
name = "akshare"
version = "1.18.64"
source = { registry = "https://bytedpypi.byted.org/simple" }
dependencies = [
    { name = "akracer", marker = "sys_platform == 'linux'" },
    { name = "beautifulsoup4" },
    { name = "curl-cffi" },
    { name = "decorator" },
    { name = "html5lib" },
    { name = "jsonpath" },
    { name = "lxml" },
    { name = "mini-racer", marker = "sys_platform != 'linux'" },
    { name = "openpyxl" },
    { name = "pandas" },
    { name = "py-mini-racer", marker = "sys_platform == 'linux'" },
    { name = "requests" },
    { name = "tabulate" },
    { name = "tqdm" },
    { name = "urllib3" },
    { name = "xlrd" },
]
sdist = { url = "https://bytedpypi.byted.org/packages/akshare/akshare-1.18.64.tar.gz", hash = "sha256:6ea525cc278204d5957e7bc1b68c93185ccecf004f7df81d9865982825fd94b9" }
wheels = [
    { url = "https://bytedpypi.byted.org/packages/akshare/akshare-1.18.64-py3-none-any.whl", hash = "sha256:27792ca5b3dd4bee47fe83f212da7d3a9d0f43f327eef3beee5f2399e58eb390" },
]

[[package]]
name = "beautifulsoup4"
version = "4.15.0"
source = { registry = "https://bytedpypi.byted.org/simple" }
dependencies = [
    { name = "soupsieve" },
    { name = "typing-extensions" },
]
sdist = { url = "https://bytedpypi.byted.org/packages/beautifulsoup4/beautifulsoup4-4.15.0.tar.gz", hash = "sha256:288e3ca7d54b06f2ac191970bc275c1939cb46d450b255bf6718b04aa37ab4f7" }
wheels = [
    { url = "https://bytedpypi.byted.org/packages/beautifulsoup4/beautifulsoup4-4.15.0-py3-none-any.whl", hash = "sha256:d6f88de62e1d4e38ecb1077eb9724cd0eff29d2a08ca16a401e9b9e93f117cf9" },
]

[[package]]
name = "certifi"
version = "2026.6.17"
source = { registry = "https://bytedpypi.byted.org/simple" }
sdist = { url = "https://bytedpypi.byted.org/packages/certifi/certifi-2026.6.17.tar.gz", hash = "sha256:024c88eeec92ca068db80f02b8b07c9cef7b9fe261d1d535abfd5abd6f6af432" }
wheels = [
    { url = "https://bytedpypi.byted.org/packages/certifi/certifi-2026.6.17-py3-none-any.whl", hash = "sha256:2227dcbaafe0d2f59279d1762ddddc37783ed4354594f194ffc31d20f41fc3db" },
]

[[package]]
name = "cffi"
version = "2.0.0"
source = { registry = "https://bytedpypi.byted.org/simple" }
dependencies = [
    { name = "pycparser", marker = "implementation_name != 'PyPy'" },
]
sdist = { url = "https://bytedpypi.byted.org/packages/cffi/cffi-2.0.0.tar.gz", hash = "sha256:44d1b5909021139fe36001ae048dbdde8214afa20200eda0f64c068cac5d5529" }
wheels = [
    { url = "https://bytedpypi.byted.org/packages/cffi/cffi-2.0.0-cp311-cp311-macosx_10_13_x86_64.whl", hash = "sha256:b4c854ef3adc177950a8dfc81a86f5115d2abd545751a304c5bcf2c2c7283cfe" },
    { url = "https://bytedpypi.byted.org/packages/cffi/cffi-2.0.0-cp311-cp311-macosx_11_0_arm64.whl", hash = "sha256:2de9a304e27f7596cd03d16f1b7c72219bd944e99cc52b84d0145aefb07cbd3c" },
    { url = "https://bytedpypi.byted.org/packages/cffi/cffi-2.0.0-cp311-cp311-manylinux1_i686.manylinux2014_i686.manylinux_2_17_i686.manylinux_2_5_i686.whl", hash = "sha256:baf5215e0ab74c16e2dd324e8ec067ef59e41125d3eade2b863d294fd5035c92" },
    { url = "https://bytedpypi.byted.org/packages/cffi/cffi-2.0.0-cp311-cp311-manylinux2014_aarch64.manylinux_2_17_aarch64.whl", hash = "sha256:730cacb21e1bdff3ce90babf007d0a0917cc3e6492f336c2f0134101e0944f93" },
    { url = "https://bytedpypi.byted.org/packages/cffi/cffi-2.0.0-cp311-cp311-manylinux2014_ppc64le.manylinux_2_17_ppc64le.whl", hash = "sha256:6824f87845e3396029f3820c206e459ccc91760e8fa24422f8b0c3d1731cbec5" },
    { url = "https://bytedpypi.byted.org/packages/cffi/cffi-2.0.0-cp311-cp311-manylinux2014_s390x.manylinux_2_17_s390x.whl", hash = "sha256:9de40a7b0323d889cf8d23d1ef214f565ab154443c42737dfe52ff82cf857664" },
    { url = "https://bytedpypi.byted.org/packages/cffi/cffi-2.0.0-cp311-cp311-manylinux2014_x86_64.manylinux_2_17_x86_64.whl", hash = "sha256:8941aaadaf67246224cee8c3803777eed332a19d909b47e29c9842ef1e79ac26" },
    { url = "https://bytedpypi.byted.org/packages/cffi/cffi-2.0.0-cp311-cp311-musllinux_1_2_aarch64.whl", hash = "sha256:a05d0c237b3349096d3981b727493e22147f934b20f6f125a3eba8f994bec4a9" },
    { url = "https://bytedpypi.byted.org/packages/cffi/cffi-2.0.0-cp311-cp311-musllinux_1_2_i686.whl", hash = "sha256:94698a9c5f91f9d138526b48fe26a199609544591f859c870d477351dc7b2414" },
    { url = "https://bytedpypi.byted.org/packages/cffi/cffi-2.0.0-cp311-cp311-musllinux_1_2_x86_64.whl", hash = "sha256:5fed36fccc0612a53f1d4d9a816b50a36702c28a2aa880cb8a122b3466638743" },
    { url = "https://bytedpypi.byted.org/packages/cffi/cffi-2.0.0-cp311-cp311-win32.whl", hash = "sha256:c649e3a33450ec82378822b3dad03cc228b8f5963c0c12fc3b1e0ab940f768a5" },
    { url = "https://bytedpypi.byted.org/packages/cffi/cffi-2.0.0-cp311-cp311-win_amd64.whl", hash = "sha256:66f011380d0e49ed280c789fbd08ff0d40968ee7b665575489afa95c98196ab5" },
    { url = "https://bytedpypi.byted.org/packages/cffi/cffi-2.0.0-cp311-cp311-win_arm64.whl", hash = "sha256:c6638687455baf640e37344fe26d37c404db8b80d037c3d29f58fe8d1c3b194d" },
]

[[package]]
name = "charset-normalizer"
version = "3.4.7"
source = { registry = "https://bytedpypi.byted.org/simple" }
sdist = { url = "https://bytedpypi.byted.org/packages/charset-normalizer/charset_normalizer-3.4.7.tar.gz", hash = "sha256:ae89db9e5f98a11a4bf50407d4363e7b09b31e55bc117b4f7d80aab97ba009e5" }
wheels = [
    { url = "https://bytedpypi.byted.org/packages/charset-normalizer/charset_normalizer-3.4.7-cp311-cp311-macosx_10_9_universal2.whl", hash = "sha256:7641bb8895e77f921102f72833904dcd9901df5d6d72a2ab8f31d04b7e51e4e7" },
    { url = "https://bytedpypi.byted.org/packages/charset-normalizer/charset_normalizer-3.4.7-cp311-cp311-manylinux2014_aarch64.manylinux_2_17_aarch64.manylinux_2_28_aarch64.whl", hash = "sha256:202389074300232baeb53ae2569a60901f7efadd4245cf3a3bf0617d60b439d7" },
    { url = "https://bytedpypi.byted.org/packages/charset-normalizer/charset_normalizer-3.4.7-cp311-cp311-manylinux2014_ppc64le.manylinux_2_17_ppc64le.manylinux_2_28_ppc64le.whl", hash = "sha256:30b8d1d8c52a48c2c5690e152c169b673487a2a58de1ec7393196753063fcd5e" },
    { url = "https://bytedpypi.byted.org/packages/charset-normalizer/charset_normalizer-3.4.7-cp311-cp311-manylinux2014_s390x.manylinux_2_17_s390x.manylinux_2_28_s390x.whl", hash = "sha256:532bc9bf33a68613fd7d65e4b1c71a6a38d7d42604ecf239c77392e9b4e8998c" },
    { url = "https://bytedpypi.byted.org/packages/charset-normalizer/charset_normalizer-3.4.7-cp311-cp311-manylinux2014_x86_64.manylinux_2_17_x86_64.manylinux_2_28_x86_64.whl", hash = "sha256:2fe249cb4651fd12605b7288b24751d8bfd46d35f12a20b1ba33dea122e690df" },
    { url = "https://bytedpypi.byted.org/packages/charset-normalizer/charset_normalizer-3.4.7-cp311-cp311-manylinux_2_31_armv7l.whl", hash = "sha256:65bcd23054beab4d166035cabbc868a09c1a49d1efe458fe8e4361215df40265" },
    { url = "https://bytedpypi.byted.org/packages/charset-normalizer/charset_normalizer-3.4.7-cp311-cp311-manylinux_2_31_riscv64.manylinux_2_39_riscv64.whl", hash = "sha256:08e721811161356f97b4059a9ba7bafb23ea5ee2255402c42881c214e173c6b4" },
    { url = "https://bytedpypi.byted.org/packages/charset-normalizer/charset_normalizer-3.4.7-cp311-cp311-musllinux_1_2_aarch64.whl", hash = "sha256:e060d01aec0a910bdccb8be71faf34e7799ce36950f8294c8bf612cba65a2c9e" },
    { url = "https://bytedpypi.byted.org/packages/charset-normalizer/charset_normalizer-3.4.7-cp311-cp311-musllinux_1_2_armv7l.whl", hash = "sha256:38c0109396c4cfc574d502df99742a45c72c08eff0a36158b6f04000043dbf38" },
    { url = "https://bytedpypi.byted.org/packages/charset-normalizer/charset_normalizer-3.4.7-cp311-cp311-musllinux_1_2_ppc64le.whl", hash = "sha256:1c2a768fdd44ee4a9339a9b0b130049139b8ce3c01d2ce09f67f5a68048d477c" },
    { url = "https://bytedpypi.byted.org/packages/charset-normalizer/charset_normalizer-3.4.7-cp311-cp311-musllinux_1_2_riscv64.whl", hash = "sha256:1a87ca9d5df6fe460483d9a5bbf2b18f620cbed41b432e2bddb686228282d10b" },
    { url = "https://bytedpypi.byted.org/packages/charset-normalizer/charset_normalizer-3.4.7-cp311-cp311-musllinux_1_2_s390x.whl", hash = "sha256:d635aab80466bc95771bb78d5370e74d36d1fe31467b6b29b8b57b2a3cd7d22c" },
    { url = "https://bytedpypi.byted.org/packages/charset-normalizer/charset_normalizer-3.4.7-cp311-cp311-musllinux_1_2_x86_64.whl", hash = "sha256:ae196f021b5e7c78e918242d217db021ed2a6ace2bc6ae94c0fc596221c7f58d" },
    { url = "https://bytedpypi.byted.org/packages/charset-normalizer/charset_normalizer-3.4.7-cp311-cp311-win32.whl", hash = "sha256:adb2597b428735679446b46c8badf467b4ca5f5056aae4d51a19f9570301b1ad" },
    { url = "https://bytedpypi.byted.org/packages/charset-normalizer/charset_normalizer-3.4.7-cp311-cp311-win_amd64.whl", hash = "sha256:8e385e4267ab76874ae30db04c627faaaf0b509e1ccc11a95b3fc3e83f855c00" },
    { url = "https://bytedpypi.byted.org/packages/charset-normalizer/charset_normalizer-3.4.7-cp311-cp311-win_arm64.whl", hash = "sha256:d4a48e5b3c2a489fae013b7589308a40146ee081f6f509e047e0e096084ceca1" },
    { url = "https://bytedpypi.byted.org/packages/charset-normalizer/charset_normalizer-3.4.7-py3-none-any.whl", hash = "sha256:3dce51d0f5e7951f8bb4900c257dad282f49190fdbebecd4ba99bcc41fef404d" },
]

[[package]]
name = "colorama"
version = "0.4.6"
source = { registry = "https://bytedpypi.byted.org/simple" }
sdist = { url = "https://bytedpypi.byted.org/packages/colorama/colorama-0.4.6.tar.gz", hash = "sha256:08695f5cb7ed6e0531a20572697297273c47b8cae5a63ffc6d6ed5c201be6e44" }
wheels = [
    { url = "https://bytedpypi.byted.org/packages/colorama/colorama-0.4.6-py2.py3-none-any.whl", hash = "sha256:4f1d9991f5acc0ca119f9d443620b77f9d6b33703e51011c16baf57afb285fc6" },
]

[[package]]
name = "curl-cffi"
version = "0.15.0"
source = { registry = "https://bytedpypi.byted.org/simple" }
dependencies = [
    { name = "certifi" },
    { name = "cffi" },
    { name = "rich" },
]
sdist = { url = "https://bytedpypi.byted.org/packages/curl-cffi/curl_cffi-0.15.0.tar.gz", hash = "sha256:ea0c67652bf6893d34ee0f82c944f37e488f6147e9421bef1771cc6545b02ded" }
wheels = [
    { url = "https://bytedpypi.byted.org/packages/curl-cffi/curl_cffi-0.15.0-cp310-abi3-macosx_10_9_x86_64.whl", hash = "sha256:bda66404010e9ed743b1b83c20c86f24fe21a9a6873e17479d6e67e29d8ded28" },
    { url = "https://bytedpypi.byted.org/packages/curl-cffi/curl_cffi-0.15.0-cp310-abi3-macosx_11_0_arm64.whl", hash = "sha256:a25620d9bf989c9c029a7d1642999c4c265abb0bad811deb2f77b0b5b2b12e5b" },
    { url = "https://bytedpypi.byted.org/packages/curl-cffi/curl_cffi-0.15.0-cp310-abi3-manylinux2014_aarch64.manylinux_2_17_aarch64.whl", hash = "sha256:582e570aa2586b96ed47cf4a17586b9a3c462cbe43f780487c3dc245c6ef1527" },
    { url = "https://bytedpypi.byted.org/packages/curl-cffi/curl_cffi-0.15.0-cp310-abi3-manylinux2014_i686.manylinux_2_17_i686.whl", hash = "sha256:838e48212447d9c81364b04707a5c861daf08f8320f9ecb3406a8919d1d5c3b3" },
    { url = "https://bytedpypi.byted.org/packages/curl-cffi/curl_cffi-0.15.0-cp310-abi3-manylinux2014_x86_64.manylinux_2_17_x86_64.whl", hash = "sha256:2b6c847d86283b07ae69bb72c82eb8a59242277142aa35b89850f89e792a02fc" },
    { url = "https://bytedpypi.byted.org/packages/curl-cffi/curl_cffi-0.15.0-cp310-abi3-manylinux_2_28_armv7l.manylinux_2_31_armv7l.whl", hash = "sha256:9e5e69eee735f659287e2c84444319d68a1fa68dd37abf228943a4074864283a" },
    { url = "https://bytedpypi.byted.org/packages/curl-cffi/curl_cffi-0.15.0-cp310-abi3-manylinux_2_34_riscv64.manylinux_2_39_riscv64.whl", hash = "sha256:aa1323950224db24f4c510d010b3affa02196ca853fb424191fa917a513d3f4b" },
    { url = "https://bytedpypi.byted.org/packages/curl-cffi/curl_cffi-0.15.0-cp310-abi3-musllinux_1_2_aarch64.whl", hash = "sha256:41f80170ba844009273b2660da1964ec31e99e5719d16b3422ada87177e32e13" },
    { url = "https://bytedpypi.byted.org/packages/curl-cffi/curl_cffi-0.15.0-cp310-abi3-musllinux_1_2_x86_64.whl", hash = "sha256:1977e1e12cfb5c11352cbb74acef1bed24eb7d226dab61ca57c168c21acd4d61" },
    { url = "https://bytedpypi.byted.org/packages/curl-cffi/curl_cffi-0.15.0-cp310-abi3-win_amd64.whl", hash = "sha256:5a0c1896a0d5a5ac1eb89cd24b008d2b718dd1df6fd2f75451b59ca66e49e572" },
    { url = "https://bytedpypi.byted.org/packages/curl-cffi/curl_cffi-0.15.0-cp310-abi3-win_arm64.whl", hash = "sha256:a6d57f8389273a3a1f94370473c74897467bcc36af0a17336989780c507fa43d" },
    { url = "https://bytedpypi.byted.org/packages/curl-cffi/curl_cffi-0.15.0-cp313-abi3-android_24_arm64_v8a.whl", hash = "sha256:4682dc38d4336e0eb0b185374db90a760efde63cbea994b4e63f3521d44c4c92" },
]

[[package]]
name = "decorator"
version = "5.3.1"
source = { registry = "https://bytedpypi.byted.org/simple" }
sdist = { url = "https://bytedpypi.byted.org/packages/decorator/decorator-5.3.1.tar.gz", hash = "sha256:4cbcdd55a6efadb9dbea26b858f4fb3264567b52d69ca0d25b721b553f60ea82" }
wheels = [
    { url = "https://bytedpypi.byted.org/packages/decorator/decorator-5.3.1-py3-none-any.whl", hash = "sha256:f47fe6fdbd2edd623ecfe36875d37aba411624e2670dd395dddae1358689bb3c" },
]

[[package]]
name = "et-xmlfile"
version = "2.0.0"
source = { registry = "https://bytedpypi.byted.org/simple" }
sdist = { url = "https://bytedpypi.byted.org/packages/et-xmlfile/et_xmlfile-2.0.0.tar.gz", hash = "sha256:dab3f4764309081ce75662649be815c4c9081e88f0837825f90fd28317d4da54" }
wheels = [
    { url = "https://bytedpypi.byted.org/packages/et-xmlfile/et_xmlfile-2.0.0-py3-none-any.whl", hash = "sha256:7a91720bc756843502c3b7504c77b8fe44217c85c537d85037f0f536151b2caa" },
]

[[package]]
name = "html5lib"
version = "1.1"
source = { registry = "https://bytedpypi.byted.org/simple" }
dependencies = [
    { name = "six" },
    { name = "webencodings" },
]
sdist = { url = "https://bytedpypi.byted.org/packages/html5lib/html5lib-1.1.tar.gz", hash = "sha256:b2e5b40261e20f354d198eae92afc10d750afb487ed5e50f9c4eaf07c184146f" }
wheels = [
    { url = "https://bytedpypi.byted.org/packages/html5lib/html5lib-1.1-py2.py3-none-any.whl", hash = "sha256:0d78f8fde1c230e99fe37986a60526d7049ed4bf8a9fadbad5f00e22e58e041d" },
]

[[package]]
name = "idna"
version = "3.18"
source = { registry = "https://bytedpypi.byted.org/simple" }
sdist = { url = "https://bytedpypi.byted.org/packages/idna/idna-3.18.tar.gz", hash = "sha256:ffb385a7e039654cef1ab9ef32c6fafe283c0c0467bba1d9029738ce4a14a848" }
wheels = [
    { url = "https://bytedpypi.byted.org/packages/idna/idna-3.18-py3-none-any.whl", hash = "sha256:7f952cbe720b688055e3f87de14f5c3e5fdaa8bc3928985c4077ca689de849a2" },
]

[[package]]
name = "jsonpath"
version = "0.82.2"
source = { registry = "https://bytedpypi.byted.org/simple" }
sdist = { url = "https://bytedpypi.byted.org/packages/jsonpath/jsonpath-0.82.2.tar.gz", hash = "sha256:d87ef2bcbcded68ee96bc34c1809b69457ecec9b0c4dd471658a12bd391002d1" }

[[package]]
name = "lxml"
version = "6.1.1"
source = { registry = "https://bytedpypi.byted.org/simple" }
sdist = { url = "https://bytedpypi.byted.org/packages/lxml/lxml-6.1.1.tar.gz", hash = "sha256:ba96ae44888e0185281e937633a743ea90d5a196c6000f82565ebb0580012d40" }
wheels = [
    { url = "https://bytedpypi.byted.org/packages/lxml/lxml-6.1.1-cp311-cp311-macosx_10_9_universal2.whl", hash = "sha256:53b7d2b7a10b1c35c0a5e21e9224accf60c1bbfba523990732e521b2b73adef2" },
    { url = "https://bytedpypi.byted.org/packages/lxml/lxml-6.1.1-cp311-cp311-macosx_10_9_x86_64.whl", hash = "sha256:ff3f333630ab480244a1bff72043e511a91eb22e7595dead8653ee5612dd8f3d" },
    { url = "https://bytedpypi.byted.org/packages/lxml/lxml-6.1.1-cp311-cp311-manylinux2014_aarch64.manylinux_2_17_aarch64.whl", hash = "sha256:a4bbea04c97f6d78a48e3fbc1cb9116d2780b1b39e03a23f6eb9b603fd61f510" },
    { url = "https://bytedpypi.byted.org/packages/lxml/lxml-6.1.1-cp311-cp311-manylinux2014_x86_64.manylinux_2_17_x86_64.whl", hash = "sha256:db1d75f6617a49c1c01bc7023713e0ff59ab32c9579ae62a7674c0e34f3b0b0a" },
    { url = "https://bytedpypi.byted.org/packages/lxml/lxml-6.1.1-cp311-cp311-manylinux_2_26_aarch64.manylinux_2_28_aarch64.whl", hash = "sha256:3a12689be69a28ddaa0ab99a5a1137da2afd5f8f16df7b5680b66f616d3eda1d" },
    { url = "https://bytedpypi.byted.org/packages/lxml/lxml-6.1.1-cp311-cp311-manylinux_2_26_x86_64.manylinux_2_28_x86_64.whl", hash = "sha256:18b73c339ae29b90fd2d06e58ebd555a751bde9cd6bbd36cc0281b9a2c94e9d8" },
    { url = "https://bytedpypi.byted.org/packages/lxml/lxml-6.1.1-cp311-cp311-manylinux_2_28_i686.whl", hash = "sha256:752d3bbfe874715ccd0aec7f88d7fc623c0f1fd7aa7b3238a084e017bad2a009" },
    { url = "https://bytedpypi.byted.org/packages/lxml/lxml-6.1.1-cp311-cp311-manylinux_2_31_armv7l.whl", hash = "sha256:6b1761fbf9ec984e2e9d9c589ef5f5fd684b7c19f92aadd567a26c5224958db6" },
    { url = "https://bytedpypi.byted.org/packages/lxml/lxml-6.1.1-cp311-cp311-manylinux_2_38_riscv64.manylinux_2_39_riscv64.whl", hash = "sha256:d680fbcb768404c601ecb43519ecd8461f6954cb11c06a78962f666832ccfca8" },
    { url = "https://bytedpypi.byted.org/packages/lxml/lxml-6.1.1-cp311-cp311-musllinux_1_2_aarch64.whl", hash = "sha256:162af1091cd785f2f27e62d3547ae9bc58ec5c86dd314d67021fd02463708d83" },
    { url = "https://bytedpypi.byted.org/packages/lxml/lxml-6.1.1-cp311-cp311-musllinux_1_2_armv7l.whl", hash = "sha256:e9308ff8241c532df3f3e570f9a5aeed6c853f888512ba4b75638d7c11c95ef6" },
    { url = "https://bytedpypi.byted.org/packages/lxml/lxml-6.1.1-cp311-cp311-musllinux_1_2_riscv64.whl", hash = "sha256:5f6994074ebae6ffb04447268e37dc16edc304f9859cf91acb86e0af6c1b395c" },
    { url = "https://bytedpypi.byted.org/packages/lxml/lxml-6.1.1-cp311-cp311-musllinux_1_2_x86_64.whl", hash = "sha256:80c2dfadb855da477cf73373ad29a333535dedb9b12bad02c9814c8e2b43bf08" },
    { url = "https://bytedpypi.byted.org/packages/lxml/lxml-6.1.1-cp311-cp311-win32.whl", hash = "sha256:30a89d3ac8faec007453fb541f3f46807eeec88edd5826f6e3fe001752a2c621" },
    { url = "https://bytedpypi.byted.org/packages/lxml/lxml-6.1.1-cp311-cp311-win_amd64.whl", hash = "sha256:abbefa31eee84842140f67acef1c828e28bba8bbf0c3bc6e5492a9af88152c28" },
    { url = "https://bytedpypi.byted.org/packages/lxml/lxml-6.1.1-cp311-cp311-win_arm64.whl", hash = "sha256:dcb292aa7fe485ceff7af4f92e46c5af397daec5dff64871a528f0fc47a3cc5b" },
    { url = "https://bytedpypi.byted.org/packages/lxml/lxml-6.1.1-pp311-pypy311_pp73-macosx_10_15_x86_64.whl", hash = "sha256:31033dc34636ea6b7d5cc11b1ddbda78a14de858ba9d3e1ed4b69a3085bc521e" },
    { url = "https://bytedpypi.byted.org/packages/lxml/lxml-6.1.1-pp311-pypy311_pp73-manylinux2014_aarch64.manylinux_2_17_aarch64.whl", hash = "sha256:3893c14c4b6ac5b2d54ba8cf03e99fe5104e592de491f19bd6b82756c09f8004" },
    { url = "https://bytedpypi.byted.org/packages/lxml/lxml-6.1.1-pp311-pypy311_pp73-manylinux2014_x86_64.manylinux_2_17_x86_64.whl", hash = "sha256:c07da4cebf6889f03ebac8d238f62318e29f495de0aa18a51ea14e61ae907e2e" },
    { url = "https://bytedpypi.byted.org/packages/lxml/lxml-6.1.1-pp311-pypy311_pp73-manylinux_2_26_aarch64.manylinux_2_28_aarch64.whl", hash = "sha256:f6f0ce10945fab9c4c06ce14e22af9059d1a87493a9af4501a5b0b9187e21cf2" },
    { url = "https://bytedpypi.byted.org/packages/lxml/lxml-6.1.1-pp311-pypy311_pp73-manylinux_2_26_x86_64.manylinux_2_28_x86_64.whl", hash = "sha256:f8844cd288697c6425c9beba919302241e3278871dc6519515e72b04e987abcf" },
    { url = "https://bytedpypi.byted.org/packages/lxml/lxml-6.1.1-pp311-pypy311_pp73-win_amd64.whl", hash = "sha256:ed21202aec73cda4d55d1ce57b389aadb90ffb044e6cd1080b8347efe1b1ec84" },
]

[[package]]
name = "markdown-it-py"
version = "4.2.0"
source = { registry = "https://bytedpypi.byted.org/simple" }
dependencies = [
    { name = "mdurl" },
]
sdist = { url = "https://bytedpypi.byted.org/packages/markdown-it-py/markdown_it_py-4.2.0.tar.gz", hash = "sha256:04a21681d6fbb623de53f6f364d352309d4094dd4194040a10fd51833e418d49" }
wheels = [
    { url = "https://bytedpypi.byted.org/packages/markdown-it-py/markdown_it_py-4.2.0-py3-none-any.whl", hash = "sha256:9f7ebbcd14fe59494226453aed97c1070d83f8d24b6fc3a3bcf9a38092641c4a" },
]

[[package]]
name = "mdurl"
version = "0.1.2"
source = { registry = "https://bytedpypi.byted.org/simple" }
sdist = { url = "https://bytedpypi.byted.org/packages/mdurl/mdurl-0.1.2.tar.gz", hash = "sha256:bb413d29f5eea38f31dd4754dd7377d4465116fb207585f97bf925588687c1ba" }
wheels = [
    { url = "https://bytedpypi.byted.org/packages/mdurl/mdurl-0.1.2-py3-none-any.whl", hash = "sha256:84008a41e51615a49fc9966191ff91509e3c40b939176e643fd50a5c2196b8f8" },
]

[[package]]
name = "mini-racer"
version = "0.14.1"
source = { registry = "https://bytedpypi.byted.org/simple" }
sdist = { url = "https://bytedpypi.byted.org/packages/mini-racer/mini_racer-0.14.1.tar.gz", hash = "sha256:0df25889b7c4e753520324a1687d85e41f9f64984efa81963339ed400f004d49" }
wheels = [
    { url = "https://bytedpypi.byted.org/packages/mini-racer/mini_racer-0.14.1-py3-none-macosx_10_9_x86_64.whl", hash = "sha256:a401ecdf5f73d4714b76dc3a4c9b5780059cf4c59a5b64cff7497dc6c219d5a0" },
    { url = "https://bytedpypi.byted.org/packages/mini-racer/mini_racer-0.14.1-py3-none-macosx_11_0_arm64.whl", hash = "sha256:56cc6965a1665a50d8d613bc43aa83b4cec6b1f09acc69dc4c2845dacb201463" },
    { url = "https://bytedpypi.byted.org/packages/mini-racer/mini_racer-0.14.1-py3-none-win_amd64.whl", hash = "sha256:4abd58c62c9955988dbc0cbf5a798914334fe570d2b192f8890bec20135ab6d1" },
    { url = "https://bytedpypi.byted.org/packages/mini-racer/mini_racer-0.14.1-py3-none-win_arm64.whl", hash = "sha256:440bef1269655b1da94b550612b50669de9881c3d88b805c139f7f1b5ec8ae7b" },
]

[[package]]
name = "numpy"
version = "2.4.6"
source = { registry = "https://bytedpypi.byted.org/simple" }
sdist = { url = "https://bytedpypi.byted.org/packages/numpy/numpy-2.4.6.tar.gz", hash = "sha256:f3a3570c4a2a16746ac2c31a7c7c7b0c186b95ce902e33db6f28094ed7387dda" }
wheels = [
    { url = "https://bytedpypi.byted.org/packages/numpy/numpy-2.4.6-cp311-cp311-macosx_10_9_x86_64.whl", hash = "sha256:0280e0356c0829a18d9de1cb7eee50ec22ca639878d7240307ca0943d73cd2c4" },
    { url = "https://bytedpypi.byted.org/packages/numpy/numpy-2.4.6-cp311-cp311-macosx_11_0_arm64.whl", hash = "sha256:110f8b71aacb688ec69062bb7f6938a0f8acb01b7c1c4beb453c65b6d234584d" },
    { url = "https://bytedpypi.byted.org/packages/numpy/numpy-2.4.6-cp311-cp311-macosx_14_0_arm64.whl", hash = "sha256:4cfe66903cc32a9921a6733d96b19bb6abf310397581bbad89c228f5abaf0ee8" },
    { url = "https://bytedpypi.byted.org/packages/numpy/numpy-2.4.6-cp311-cp311-macosx_14_0_x86_64.whl", hash = "sha256:8155154c7c691289fe18f510b5d4657c68c67989f293f0535a91360392ff6538" },
    { url = "https://bytedpypi.byted.org/packages/numpy/numpy-2.4.6-cp311-cp311-manylinux_2_27_aarch64.manylinux_2_28_aarch64.whl", hash = "sha256:0ab0a9c4ffb1a6d95ef519fe4247dba8eb6b18ad93999f76b7f657039acabd47" },
    { url = "https://bytedpypi.byted.org/packages/numpy/numpy-2.4.6-cp311-cp311-manylinux_2_27_x86_64.manylinux_2_28_x86_64.whl", hash = "sha256:89cd468399cfd2504718f0ba50e410dca55a170b61a02ad92bb18c8a65186e93" },
    { url = "https://bytedpypi.byted.org/packages/numpy/numpy-2.4.6-cp311-cp311-musllinux_1_2_aarch64.whl", hash = "sha256:c2d37ab77531417474168eb79d6d80b14f821a966818505d03013d0833edb7a8" },
    { url = "https://bytedpypi.byted.org/packages/numpy/numpy-2.4.6-cp311-cp311-musllinux_1_2_x86_64.whl", hash = "sha256:f407cb6b8e9d6d8c626bc73c945db1706035af8fd632295547bf1c9e46d092d6" },
    { url = "https://bytedpypi.byted.org/packages/numpy/numpy-2.4.6-cp311-cp311-win32.whl", hash = "sha256:ddea102b48f9e339f3948bf22040944184627a30fdf7f858667673b9c5f033c8" },
    { url = "https://bytedpypi.byted.org/packages/numpy/numpy-2.4.6-cp311-cp311-win_amd64.whl", hash = "sha256:1e254a00cdf42b1e4d5b3d68d33af63268d41340d8885df2ab6470f2e1500147" },
    { url = "https://bytedpypi.byted.org/packages/numpy/numpy-2.4.6-cp311-cp311-win_arm64.whl", hash = "sha256:ed9749eef4cbd126da3dc1d6bcb3a57f5eb7ac6a6484146bdbf743f552dfc577" },
    { url = "https://bytedpypi.byted.org/packages/numpy/numpy-2.4.6-pp311-pypy311_pp73-macosx_10_15_x86_64.whl", hash = "sha256:55cced7c52e981362f708ad635198e97a752dfba412cc03c23bbf3bd8d5cd662" },
    { url = "https://bytedpypi.byted.org/packages/numpy/numpy-2.4.6-pp311-pypy311_pp73-macosx_11_0_arm64.whl", hash = "sha256:d6da64deb6b8ed903e7560180a92f2d804ee1ba5eeb849ac2748b8c1aba1f6d7" },
    { url = "https://bytedpypi.byted.org/packages/numpy/numpy-2.4.6-pp311-pypy311_pp73-macosx_14_0_arm64.whl", hash = "sha256:68a5124b13fa6cc2086764a20005d30bc0548146f7f5322f02fce212ca14317f" },
    { url = "https://bytedpypi.byted.org/packages/numpy/numpy-2.4.6-pp311-pypy311_pp73-macosx_14_0_x86_64.whl", hash = "sha256:948424b06129ce883307e8cff868c31396d8dc7630a59c61d70d98dbe70f222c" },
    { url = "https://bytedpypi.byted.org/packages/numpy/numpy-2.4.6-pp311-pypy311_pp73-manylinux_2_27_aarch64.manylinux_2_28_aarch64.whl", hash = "sha256:5dbbdb29840ca3d91ee0fece42fc29278886d908280bfec0a5846c6f901a3eb0" },
    { url = "https://bytedpypi.byted.org/packages/numpy/numpy-2.4.6-pp311-pypy311_pp73-manylinux_2_27_x86_64.manylinux_2_28_x86_64.whl", hash = "sha256:8ad03c0965fb3c692200e74d458ca28c1dbb4ce96f9a479a8aa041ad5fabca02" },
    { url = "https://bytedpypi.byted.org/packages/numpy/numpy-2.4.6-pp311-pypy311_pp73-win_amd64.whl", hash = "sha256:2803abfebfc990042cd494d8ce2d5f82e9d847af6d35ec486923aa19dbad5e73" },
]

[[package]]
name = "openpyxl"
version = "3.1.5"
source = { registry = "https://bytedpypi.byted.org/simple" }
dependencies = [
    { name = "et-xmlfile" },
]
sdist = { url = "https://bytedpypi.byted.org/packages/openpyxl/openpyxl-3.1.5.tar.gz", hash = "sha256:cf0e3cf56142039133628b5acffe8ef0c12bc902d2aadd3e0fe5878dc08d1050" }
wheels = [
    { url = "https://bytedpypi.byted.org/packages/openpyxl/openpyxl-3.1.5-py2.py3-none-any.whl", hash = "sha256:5282c12b107bffeef825f4617dc029afaf41d0ea60823bbb665ef3079dc79de2" },
]

[[package]]
name = "pandas"
version = "3.0.3"
source = { registry = "https://bytedpypi.byted.org/simple" }
dependencies = [
    { name = "numpy" },
    { name = "python-dateutil" },
    { name = "tzdata", marker = "sys_platform == 'emscripten' or sys_platform == 'win32'" },
]
sdist = { url = "https://bytedpypi.byted.org/packages/pandas/pandas-3.0.3.tar.gz", hash = "sha256:696a4a00a2a2a35d4e5deb3fc946641b96c944f02230e4f76137fe35d806c4fc" }
wheels = [
    { url = "https://bytedpypi.byted.org/packages/pandas/pandas-3.0.3-cp311-cp311-macosx_10_9_x86_64.whl", hash = "sha256:455f6f8139d4282188f526868dbc3c828470e88a3d9d59a891bd46a455f21b98" },
    { url = "https://bytedpypi.byted.org/packages/pandas/pandas-3.0.3-cp311-cp311-macosx_11_0_arm64.whl", hash = "sha256:4e15135e2ee5df1063313e2425ceef8ac0f4ae775893815b0923651b806a5639" },
    { url = "https://bytedpypi.byted.org/packages/pandas/pandas-3.0.3-cp311-cp311-manylinux_2_24_aarch64.manylinux_2_28_aarch64.whl", hash = "sha256:05f1f1752b8533ea03f7f39a9c15b1a058d067bb48f4748948e7a8691e0510f2" },
    { url = "https://bytedpypi.byted.org/packages/pandas/pandas-3.0.3-cp311-cp311-manylinux_2_24_x86_64.manylinux_2_28_x86_64.whl", hash = "sha256:8a1e45c80cceb3b4a21bc5939d52e8cbd8d9b7305309219d59e9754d9ce09e27" },
    { url = "https://bytedpypi.byted.org/packages/pandas/pandas-3.0.3-cp311-cp311-musllinux_1_2_aarch64.whl", hash = "sha256:14da8316da4d0c5a77618425996bfb1248ca87fc2c1486e6fde4652bd18b5824" },
    { url = "https://bytedpypi.byted.org/packages/pandas/pandas-3.0.3-cp311-cp311-musllinux_1_2_x86_64.whl", hash = "sha256:a55066a0505dae0ba2b50a46637db34b46f9094c65c5d4800794ef6335010938" },
    { url = "https://bytedpypi.byted.org/packages/pandas/pandas-3.0.3-cp311-cp311-win_amd64.whl", hash = "sha256:6674ab18ad8c57802867264b00e15e7bb904700cdd9046e3b2fa1fce237439ea" },
    { url = "https://bytedpypi.byted.org/packages/pandas/pandas-3.0.3-cp311-cp311-win_arm64.whl", hash = "sha256:5cc09a68b3120e0f54870dede8287a7bb1fa463907e4fcec1ea77cab6179bf7a" },
]

[[package]]
name = "py-mini-racer"
version = "0.6.0"
source = { registry = "https://bytedpypi.byted.org/simple" }
sdist = { url = "https://bytedpypi.byted.org/packages/py-mini-racer/py_mini_racer-0.6.0.tar.gz", hash = "sha256:f71e36b643d947ba698c57cd9bd2232c83ca997b0802fc2f7f79582377040c11" }
wheels = [
    { url = "https://bytedpypi.byted.org/packages/py-mini-racer/py_mini_racer-0.6.0-py2.py3-none-manylinux1_x86_64.whl", hash = "sha256:42896c24968481dd953eeeb11de331f6870917811961c9b26ba09071e07180e2" },
]

[[package]]
name = "pycparser"
version = "3.0"
source = { registry = "https://bytedpypi.byted.org/simple" }
sdist = { url = "https://bytedpypi.byted.org/packages/pycparser/pycparser-3.0.tar.gz", hash = "sha256:600f49d217304a5902ac3c37e1281c9fe94e4d0489de643a9504c5cdfdfc6b29" }
wheels = [
    { url = "https://bytedpypi.byted.org/packages/pycparser/pycparser-3.0-py3-none-any.whl", hash = "sha256:b727414169a36b7d524c1c3e31839a521725078d7b2ff038656844266160a992" },
]

[[package]]
name = "pygments"
version = "2.20.0"
source = { registry = "https://bytedpypi.byted.org/simple" }
sdist = { url = "https://bytedpypi.byted.org/packages/pygments/pygments-2.20.0.tar.gz", hash = "sha256:6757cd03768053ff99f3039c1a36d6c0aa0b263438fcab17520b30a303a82b5f" }
wheels = [
    { url = "https://bytedpypi.byted.org/packages/pygments/pygments-2.20.0-py3-none-any.whl", hash = "sha256:81a9e26dd42fd28a23a2d169d86d7ac03b46e2f8b59ed4698fb4785f946d0176" },
]

[[package]]
name = "python-dateutil"
version = "2.9.0.post0"
source = { registry = "https://bytedpypi.byted.org/simple" }
dependencies = [
    { name = "six" },
]
sdist = { url = "https://bytedpypi.byted.org/packages/python-dateutil/python-dateutil-2.9.0.post0.tar.gz", hash = "sha256:37dd54208da7e1cd875388217d5e00ebd4179249f90fb72437e91a35459a0ad3" }
wheels = [
    { url = "https://bytedpypi.byted.org/packages/python-dateutil/python_dateutil-2.9.0.post0-py2.py3-none-any.whl", hash = "sha256:a8b2bc7bffae282281c8140a97d3aa9c14da0b136dfe83f850eea9a5f7470427" },
]

[[package]]
name = "requests"
version = "2.34.2"
source = { registry = "https://bytedpypi.byted.org/simple" }
dependencies = [
    { name = "certifi" },
    { name = "charset-normalizer" },
    { name = "idna" },
    { name = "urllib3" },
]
sdist = { url = "https://bytedpypi.byted.org/packages/requests/requests-2.34.2.tar.gz", hash = "sha256:f288924cae4e29463698d6d60bc6a4da69c89185ad1e0bcc4104f584e960b9ed" }
wheels = [
    { url = "https://bytedpypi.byted.org/packages/requests/requests-2.34.2-py3-none-any.whl", hash = "sha256:2a0d60c172f83ac6ab31e4554906c0f3b3588d37b5cb939b1c061f4907e278e0" },
]

[[package]]
name = "rich"
version = "15.0.0"
source = { registry = "https://bytedpypi.byted.org/simple" }
dependencies = [
    { name = "markdown-it-py" },
    { name = "pygments" },
]
sdist = { url = "https://bytedpypi.byted.org/packages/rich/rich-15.0.0.tar.gz", hash = "sha256:edd07a4824c6b40189fb7ac9bc4c52536e9780fbbfbddf6f1e2502c31b068c36" }
wheels = [
    { url = "https://bytedpypi.byted.org/packages/rich/rich-15.0.0-py3-none-any.whl", hash = "sha256:33bd4ef74232fb73fe9279a257718407f169c09b78a87ad3d296f548e27de0bb" },
]

[[package]]
name = "six"
version = "1.17.0"
source = { registry = "https://bytedpypi.byted.org/simple" }
sdist = { url = "https://bytedpypi.byted.org/packages/six/six-1.17.0.tar.gz", hash = "sha256:ff70335d468e7eb6ec65b95b99d3a2836546063f63acc5171de367e834932a81" }
wheels = [
    { url = "https://bytedpypi.byted.org/packages/six/six-1.17.0-py2.py3-none-any.whl", hash = "sha256:4721f391ed90541fddacab5acf947aa0d3dc7d27b2e1e8eda2be8970586c3274" },
]

[[package]]
name = "soupsieve"
version = "2.8.4"
source = { registry = "https://bytedpypi.byted.org/simple" }
sdist = { url = "https://bytedpypi.byted.org/packages/soupsieve/soupsieve-2.8.4.tar.gz", hash = "sha256:e121fd02e975c695e4e9e8774a5ee35d74714b59307868dcc5319ad2d9e3328e" }
wheels = [
    { url = "https://bytedpypi.byted.org/packages/soupsieve/soupsieve-2.8.4-py3-none-any.whl", hash = "sha256:e7e6b0769c8f51ed59acab6e994b00621096cfb1c640a7509295987388fbaf65" },
]

[[package]]
name = "stock-review-system"
version = "0.1.0"
source = { virtual = "." }
dependencies = [
    { name = "akshare" },
    { name = "pandas" },
]

[package.metadata]
requires-dist = [
    { name = "akshare", specifier = "==1.18.64" },
    { name = "pandas", specifier = "==3.0.3" },
]

[package.metadata.requires-dev]
dev = []

[[package]]
name = "tabulate"
version = "0.10.0"
source = { registry = "https://bytedpypi.byted.org/simple" }
sdist = { url = "https://bytedpypi.byted.org/packages/tabulate/tabulate-0.10.0.tar.gz", hash = "sha256:e2cfde8f79420f6deeffdeda9aaec3b6bc5abce947655d17ac662b126e48a60d" }
wheels = [
    { url = "https://bytedpypi.byted.org/packages/tabulate/tabulate-0.10.0-py3-none-any.whl", hash = "sha256:f0b0622e567335c8fabaaa659f1b33bcb6ddfe2e496071b743aa113f8774f2d3" },
]

[[package]]
name = "tqdm"
version = "4.67.3"
source = { registry = "https://bytedpypi.byted.org/simple" }
dependencies = [
    { name = "colorama", marker = "sys_platform == 'win32'" },
]
sdist = { url = "https://bytedpypi.byted.org/packages/tqdm/tqdm-4.67.3.tar.gz", hash = "sha256:7d825f03f89244ef73f1d4ce193cb1774a8179fd96f31d7e1dcde62092b960bb" }
wheels = [
    { url = "https://bytedpypi.byted.org/packages/tqdm/tqdm-4.67.3-py3-none-any.whl", hash = "sha256:ee1e4c0e59148062281c49d80b25b67771a127c85fc9676d3be5f243206826bf" },
]

[[package]]
name = "typing-extensions"
version = "4.15.0"
source = { registry = "https://bytedpypi.byted.org/simple" }
sdist = { url = "https://bytedpypi.byted.org/packages/typing-extensions/typing_extensions-4.15.0.tar.gz", hash = "sha256:0cea48d173cc12fa28ecabc3b837ea3cf6f38c6d1136f85cbaaf598984861466" }
wheels = [
    { url = "https://bytedpypi.byted.org/packages/typing-extensions/typing_extensions-4.15.0-py3-none-any.whl", hash = "sha256:f0fa19c6845758ab08074a0cfa8b7aecb71c999ca73d62883bc25cc018c4e548" },
]

[[package]]
name = "tzdata"
version = "2026.2"
source = { registry = "https://bytedpypi.byted.org/simple" }
sdist = { url = "https://bytedpypi.byted.org/packages/tzdata/tzdata-2026.2.tar.gz", hash = "sha256:9173fde7d80d9018e02a662e168e5a2d04f87c41ea174b139fbef642eda62d10" }
wheels = [
    { url = "https://bytedpypi.byted.org/packages/tzdata/tzdata-2026.2-py2.py3-none-any.whl", hash = "sha256:bbe9af844f658da81a5f95019480da3a89415801f6cc966806612cc7169bffe7" },
]

[[package]]
name = "urllib3"
version = "2.7.0"
source = { registry = "https://bytedpypi.byted.org/simple" }
sdist = { url = "https://bytedpypi.byted.org/packages/urllib3/urllib3-2.7.0.tar.gz", hash = "sha256:231e0ec3b63ceb14667c67be60f2f2c40a518cb38b03af60abc813da26505f4c" }
wheels = [
    { url = "https://bytedpypi.byted.org/packages/urllib3/urllib3-2.7.0-py3-none-any.whl", hash = "sha256:9fb4c81ebbb1ce9531cce37674bbc6f1360472bc18ca9a553ede278ef7276897" },
]

[[package]]
name = "webencodings"
version = "0.5.1"
source = { registry = "https://bytedpypi.byted.org/simple" }
sdist = { url = "https://bytedpypi.byted.org/packages/webencodings/webencodings-0.5.1.tar.gz", hash = "sha256:b36a1c245f2d304965eb4e0a82848379241dc04b865afcc4aab16748587e1923" }
wheels = [
    { url = "https://bytedpypi.byted.org/packages/webencodings/webencodings-0.5.1-py2.py3-none-any.whl", hash = "sha256:a0af1213f3c2226497a97e2b3aa01a7e4bee4f403f95be16fc9acd2947514a78" },
]

[[package]]
name = "xlrd"
version = "2.0.2"
source = { registry = "https://bytedpypi.byted.org/simple" }
sdist = { url = "https://bytedpypi.byted.org/packages/xlrd/xlrd-2.0.2.tar.gz", hash = "sha256:08b5e25de58f21ce71dc7db3b3b8106c1fa776f3024c54e45b45b374e89234c9" }
wheels = [
    { url = "https://bytedpypi.byted.org/packages/xlrd/xlrd-2.0.2-py2.py3-none-any.whl", hash = "sha256:ea762c3d29f4cca48d82df517b6d89fbce4db3107f9d78713e48cd321d5c9aa9" },
]
